{
  "version": 2,
  "dependencies": {
    "net11.0": {
      "Microsoft.AspNetCore.OpenApi": {
        "type": "Direct",
        "requested": "[11.0.0-preview.6.26359.118, )",
        "resolved": "11.0.0-preview.6.26359.118",
        "contentHash": "0Txd2Gp5AZn4UIa1lH5sHkfRAUKG9dLJdRILc0wngO6T/sK9Px69dtsaW0Rls7DJLMnLD2ixBE8GA2+TesIEmg==",
        "dependencies": {
          "Microsoft.OpenApi": "3.6.0"
        }
      },
      "Microsoft.Extensions.AmbientMetadata.Application": {
        "type": "Transitive",
        "resolved": "9.3.0",
        "contentHash": "jMZt1Rxt5uJvZNVkckNGTUlpof7IENNKHKJ3kJWgoSiETzOXeavP/8rt965oqkUq3d+ZKHO/0T2xL6+NytAIYA=="
      },
      "Microsoft.Extensions.Compliance.Abstractions": {
        "type": "Transitive",
        "resolved": "9.3.0",
        "contentHash": "q9lRkdVrKAO4J8xyX6b9eCN8KD7BYYvJuTpc6GjhOnawJi6aZNOsCkiacZSp8s5X3j8yHKef7TGtld/xtYH8Ew=="
      },
      "Microsoft.Extensions.DependencyInjection.AutoActivation": {
        "type": "Transitive",
        "resolved": "9.3.0",
        "contentHash": "wjMzOD1zDbem1ZAn7ysRv5dxDAV8FMbM7gQswZAOPnTmVyzhIVCtOAU2yxRNWeK6N6UeSSPOptAU+iG8dnvtRA=="
      },
      "Microsoft.Extensions.Diagnostics.ExceptionSummarization": {
        "type": "Transitive",
        "resolved": "9.3.0",
        "contentHash": "rQkufpuGUHgPb7QWzjTj29eIjcMfUTDmBVMlybp4OWNtaDGWAkmvZuf1WRZfFKvPnPl1TAKqdYzOen45KR6gkw=="
      },
      "Microsoft.Extensions.Http.Diagnostics": {
        "type": "Transitive",
        "resolved": "9.3.0",
        "contentHash": "m+ErpJkNeLqiBAi0FxpEuWgJxedO1NREvJssU/RFKf8lXah3PPnRaVoAezI0jJgkrGqZHHxqC6JBl1bKSVxr0Q==",
        "dependencies": {
          "Microsoft.Extensions.DependencyInjection.AutoActivation": "9.3.0",
          "Microsoft.Extensions.Telemetry": "9.3.0"
        }
      },
      "Microsoft.Extensions.Resilience": {
        "type": "Transitive",
        "resolved": "9.3.0",
        "contentHash": "+0QMdUtGIdh5fiz4ib+oBjSg+uyYgHbMZDaCT/Ko4bOtZocJWcWzT4ZDoHxtvcX9qfkoXebCk3N6NqMSLsFtzQ==",
        "dependencies": {
          "Microsoft.Extensions.Diagnostics.ExceptionSummarization": "9.3.0",
          "Microsoft.Extensions.Telemetry.Abstractions": "9.3.0",
          "Polly.Extensions": "8.4.2",
          "Polly.RateLimiting": "8.4.2"
        }
      },
      "Microsoft.Extensions.ServiceDiscovery.Abstractions": {
        "type": "Transitive",
        "resolved": "9.3.0",
        "contentHash": "EK+R8ZpSQdfpCPtGQoq8FJaWHdWfpTCtudTIf05P4xn/9ni4+/b3FCaeT+Xk2oT/DraEymJN4X9zxwNcBEYm6A=="
      },
      "Microsoft.Extensions.Telemetry": {
        "type": "Transitive",
        "resolved": "9.3.0",
        "contentHash": "iqlvyUfxLHMp2H4E4fcKA/+kO7iHb2h48XzAcTWzqauXJca93F0xB+WBBXlf13aflcuQE0QBaZK9NDQFljRj4w==",
        "dependencies": {
          "Microsoft.Extensions.AmbientMetadata.Application": "9.3.0",
          "Microsoft.Extensions.DependencyInjection.AutoActivation": "9.3.0",
          "Microsoft.Extensions.Telemetry.Abstractions": "9.3.0"
        }
      },
      "Microsoft.Extensions.Telemetry.Abstractions": {
        "type": "Transitive",
        "resolved": "9.3.0",
        "contentHash": "J7GZHUScnkI368KntkMyD1jwufCYgPCNcfeJ3BhL7vIgMOkAYbjLzVkoWJEZZxFrbcUUzrKAKzUAXWULT5yKDw==",
        "dependencies": {
          "Microsoft.Extensions.Compliance.Abstractions": "9.3.0"
        }
      },
      "Microsoft.OpenApi": {
        "type": "Transitive",
        "resolved": "3.6.0",
        "contentHash": "7iCo00kReXXXxESJMdFBV2LLUYiAa2n/3uIpgTWw1TxUfswUp/0O/QMn0Itp+58Be7H4cuPtPLAGvfwTYQ6BhA=="
      },
      "OpenTelemetry": {
        "type": "Transitive",
        "resolved": "1.17.0",
        "contentHash": "rMLOTftlMlTm7+MSrvXDHnJRjVkROFNKXHZrYjOsX+LankaFG7QSflx7qRRGjoqZoirohnxmJQ7GEb9occO4Gg==",
        "dependencies": {
          "OpenTelemetry.Api.ProviderBuilderExtensions": "1.17.0"
        }
      },
      "OpenTelemetry.Api": {
        "type": "Transitive",
        "resolved": "1.17.0",
        "contentHash": "mSBxzomZgHIJu9CyVNqyDu/n2JHEtqVgfcCD1Br0cV5iLYogjZOMqhlVLt99PEp+0KGBNUR3GXgeOdN2GR3F9g=="
      },
      "OpenTelemetry.Api.ProviderBuilderExtensions": {
        "type": "Transitive",
        "resolved": "1.17.0",
        "contentHash": "Xgc3Qf9B9TFMFpx6exTdGqMWuYIT2miNzkdMPutVvT9YuMFaEovXWke1Gb6z8NxYaQbbGF38vYLuSg1JCeui5Q==",
        "dependencies": {
          "OpenTelemetry.Api": "1.17.0"
        }
      },
      "Polly.Core": {
        "type": "Transitive",
        "resolved": "8.4.2",
        "contentHash": "BpE2I6HBYYA5tF0Vn4eoQOGYTYIK1BlF5EXVgkWGn3mqUUjbXAr13J6fZVbp7Q3epRR8yshacBMlsHMhpOiV3g=="
      },
      "Polly.Extensions": {
        "type": "Transitive",
        "resolved": "8.4.2",
        "contentHash": "GZ9vRVmR0jV2JtZavt+pGUsQ1O1cuRKG7R7VOZI6ZDy9y6RNPvRvXK1tuS4ffUrv8L0FTea59oEuQzgS0R7zSA==",
        "dependencies": {
          "Polly.Core": "8.4.2"
        }
      },
      "Polly.RateLimiting": {
        "type": "Transitive",
        "resolved": "8.4.2",
        "contentHash": "ehTImQ/eUyO07VYW2WvwSmU9rRH200SKJ/3jku9rOkyWE0A2JxNFmAVms8dSn49QLSjmjFRRSgfNyOgr/2PSmA==",
        "dependencies": {
          "Polly.Core": "8.4.2"
        }
      },
      "homelabbrain.plantanalyzer": {
        "type": "Project",
        "dependencies": {
          "MQTTnet": "[4.3.4.1084, )",
          "MQTTnet.Extensions.ManagedClient": "[4.3.4.1084, )",
          "OpenTelemetry.Extensions.Hosting": "[1.17.0, )"
        }
      },
      "homelabbrain.servicedefaults": {
        "type": "Project",
        "dependencies": {
          "Microsoft.Extensions.Http.Resilience": "[9.3.0, )",
          "Microsoft.Extensions.ServiceDiscovery": "[9.3.0, )",
          "OpenTelemetry.Exporter.OpenTelemetryProtocol": "[1.17.0, )",
          "OpenTelemetry.Extensions.Hosting": "[1.17.0, )",
          "OpenTelemetry.Instrumentation.AspNetCore": "[1.17.0, )",
          "OpenTelemetry.Instrumentation.Http": "[1.17.0, )",
          "OpenTelemetry.Instrumentation.Runtime": "[1.17.0, )"
        }
      },
      "Microsoft.Extensions.Http.Resilience": {
        "type": "CentralTransitive",
        "requested": "[9.3.0, )",
        "resolved": "9.3.0",
        "contentHash": "mSZC9Y4MVlP48+r+cdt17KhEGIkaMfsicwmVM3iXKjXwtRJ2HVQXp5ce/FWu2VHRWdzKNh4/ikooA+orJhpZiw==",
        "dependencies": {
          "Microsoft.Extensions.Http.Diagnostics": "9.3.0",
          "Microsoft.Extensions.Resilience": "9.3.0"
        }
      },
      "Microsoft.Extensions.ServiceDiscovery": {
        "type": "CentralTransitive",
        "requested": "[9.3.0, )",
        "resolved": "9.3.0",
        "contentHash": "rYDGIzU9XCf9Gg4DLzJ2vjlCiXbEXXJbIbFbGZQrKVppEV84sq2vkX3zH9HQIa5IVuqPzxpoCfIYWeG1x8Ipcg==",
        "dependencies": {
          "Microsoft.Extensions.ServiceDiscovery.Abstractions": "9.3.0"
        }
      },
      "MQTTnet": {
        "type": "CentralTransitive",
        "requested": "[4.3.4.1084, )",
        "resolved": "4.3.4.1084",
        "contentHash": "Ss5w/lZTGfO+m5oALOYKj/HpycDXRLZqbCmBhK7rar2DSVNIGu4MErI0J6UdBxG9pY/O2KfaDE53W9AzvDbbYw=="
      },
      "MQTTnet.Extensions.ManagedClient": {
        "type": "CentralTransitive",
        "requested": "[4.3.4.1084, )",
        "resolved": "4.3.4.1084",
        "contentHash": "GTqLoNJipmteoCimxIG/408ymRJm+3ZkIy9OeOwI8Cymuiy3RJvk+AQfo4cg+GBQex3x2W1+uZzofKUwggXRgw==",
        "dependencies": {
          "MQTTnet": "4.3.4.1084"
        }
      },
      "OpenTelemetry.Exporter.OpenTelemetryProtocol": {
        "type": "CentralTransitive",
        "requested": "[1.17.0, )",
        "resolved": "1.17.0",
        "contentHash": "R1omQOrQpGlS0Cp5UIr/TAiuEA48JrPlgr1NPV5gESiTU7HhWU+ILe2EBSYb1fKdsSavZ7nZkHcUxAzofPqr2A==",
        "dependencies": {
          "OpenTelemetry": "1.17.0"
        }
      },
      "OpenTelemetry.Extensions.Hosting": {
        "type": "CentralTransitive",
        "requested": "[1.17.0, )",
        "resolved": "1.17.0",
        "contentHash": "t1OwL/4qgboGMobYVT+UV5zgWnFqCp4Pw8lcsmzh8m2K8PQsTKkyxrC32tqYTMYny3GOW4q5cltE3dTVzLmRew==",
        "dependencies": {
          "OpenTelemetry": "1.17.0"
        }
      },
      "OpenTelemetry.Instrumentation.AspNetCore": {
        "type": "CentralTransitive",
        "requested": "[1.17.0, )",
        "resolved": "1.17.0",
        "contentHash": "rGbmk1vuy1kvgZmE0ps7Vb99YZvDap6AalrrF60FwnNit1uW/PbeFZj1cpb0T8MPkYmjhBrRJ1/JB6QqXkRjHA==",
        "dependencies": {
          "OpenTelemetry.Api.ProviderBuilderExtensions": "[1.17.0, 2.0.0)"
        }
      },
      "OpenTelemetry.Instrumentation.Http": {
        "type": "CentralTransitive",
        "requested": "[1.17.0, )",
        "resolved": "1.17.0",
        "contentHash": "uTwVtxIJ/xB96wGYTaDsbkJVeCFdUxTwvrlDUn2YJixy0UuKc8DvQMzwKNJMTzNFiiyYO9c40id6tUHTmWs33A==",
        "dependencies": {
          "OpenTelemetry.Api.ProviderBuilderExtensions": "[1.17.0, 2.0.0)"
        }
      },
      "OpenTelemetry.Instrumentation.Runtime": {
        "type": "CentralTransitive",
        "requested": "[1.17.0, )",
        "resolved": "1.17.0",
        "contentHash": "HyYenisDn/xdtyVXdjImsCl+RNC2gq01N0rvSR7tsYAylXR2sxX/YgMsyTajMXA27+r1vB7lNU8cWRhV0fwL+Q==",
        "dependencies": {
          "OpenTelemetry.Api": "[1.17.0, 2.0.0)"
        }
      }
    }
  }
}